// !$*UTF8*$!
{
	archiveVersion = 1;
	classes = {
	};
	objectVersion = 50;
	objects = {

/* Begin PBXBuildFile section */
		0A1E8CD62382FBA000648164 /* AppDelegate.swift in Sources */ = {isa = PBXBuildFile; fileRef = 0A1E8CD52382FBA000648164 /* AppDelegate.swift */; };
		0A1E8CD82382FBA000648164 /* SceneDelegate.swift in Sources */ = {isa = PBXBuildFile; fileRef = 0A1E8CD72382FBA000648164 /* SceneDelegate.swift */; };
		0A1E8CDA2382FBA000648164 /* ViewController.swift in Sources */ = {isa = PBXBuildFile; fileRef = 0A1E8CD92382FBA000648164 /* ViewController.swift */; };
		0A1E8CDD2382FBA000648164 /* Main.storyboard in Resources */ = {isa = PBXBuildFile; fileRef = 0A1E8CDB2382FBA000648164 /* Main.storyboard */; };
		0A1E8CDF2382FBA300648164 /* Assets.xcassets in Resources */ = {isa = PBXBuildFile; fileRef = 0A1E8CDE2382FBA300648164 /* Assets.xcassets */; };
		0A1E8CE22382FBA300648164 /* LaunchScreen.storyboard in Resources */ = {isa = PBXBuildFile; fileRef = 0A1E8CE02382FBA300648164 /* LaunchScreen.storyboard */; };
		0A1E8CED2382FBA400648164 /* tiktaktowTests.swift in Sources */ = {isa = PBXBuildFile; fileRef = 0A1E8CEC2382FBA400648164 /* tiktaktowTests.swift */; };
		0A1E8CF82382FBA400648164 /* tiktaktowUITests.swift in Sources */ = {isa = PBXBuildFile; fileRef = 0A1E8CF72382FBA400648164 /* tiktaktowUITests.swift */; };
/* End PBXBuildFile section */

/* Begin PBXContainerItemProxy section */
		0A1E8CE92382FBA400648164 /* PBXContainerItemProxy */ = {
			isa = PBXContainerItemProxy;
			containerPortal = 0A1E8CCA2382FBA000648164 /* Project object */;
			proxyType = 1;
			remoteGlobalIDString = 0A1E8CD12382FBA000648164;
			remoteInfo = tiktaktow;
		};
		0A1E8CF42382FBA400648164 /* PBXContainerItemProxy */ = {
			isa = PBXContainerItemProxy;
			containerPortal = 0A1E8CCA2382FBA000648164 /* Project object */;
			proxyType = 1;
			remoteGlobalIDString = 0A1E8CD12382FBA000648164;
			remoteInfo = tiktaktow;
		};
/* End PBXContainerItemProxy section */

/* Begin PBXFileReference section */
		0A1E8CD22382FBA000648164 /* tiktaktow.app */ = {isa = PBXFileReference; explicitFileType = wrapper.application; includeInIndex = 0; path = tiktaktow.app; sourceTree = BUILT_PRODUCTS_DIR; };
		0A1E8CD52382FBA000648164 /* AppDelegate.swift */ = {isa = PBXFileReference; lastKnownFileType = sourcecode.swift; path = AppDelegate.swift; sourceTree = "<group>"; };
		0A1E8CD72382FBA000648164 /* SceneDelegate.swift */ = {isa = PBXFileReference; lastKnownFileType = sourcecode.swift; path = SceneDelegate.swift; sourceTree = "<group>"; };
		0A1E8CD92382FBA000648164 /* ViewController.swift */ = {isa = PBXFileReference; lastKnownFileType = sourcecode.swift; path = ViewController.swift; sourceTree = "<group>"; };
		0A1E8CDC2382FBA000648164 /* Base */ = {isa = PBXFileReference; lastKnownFileType = file.storyboard; name = Base; path = Base.lproj/Main.storyboard; sourceTree = "<group>"; };
		0A1E8CDE2382FBA300648164 /* Assets.xcassets */ = {isa = PBXFileReference; lastKnownFileType = folder.assetcatalog; path = Assets.xcassets; sourceTree = "<group>"; };
		0A1E8CE12382FBA300648164 /* Base */ = {isa = PBXFileReference; lastKnownFileType = file.storyboard; name = Base; path = Base.lproj/LaunchScreen.storyboard; sourceTree = "<group>"; };
		0A1E8CE32382FBA300648164 /* Info.plist */ = {isa = PBXFileReference; lastKnownFileType = text.plist.xml; path = Info.plist; sourceTree = "<group>"; };
		0A1E8CE82382FBA300648164 /* tiktaktowTests.xctest */ = {isa = PBXFileReference; explicitFileType = wrapper.cfbundle; includeInIndex = 0; path = tiktaktowTests.xctest; sourceTree = BUILT_PRODUCTS_DIR; };
		0A1E8CEC2382FBA400648164 /* tiktaktowTests.swift */ = {isa = PBXFileReference; lastKnownFileType = sourcecode.swift; path = tiktaktowTests.swift; sourceTree = "<group>"; };
		0A1E8CEE2382FBA400648164 /* Info.plist */ = {isa = PBXFileReference; lastKnownFileType = text.plist.xml; path = Info.plist; sourceTree = "<group>"; };
		0A1E8CF32382FBA400648164 /* tiktaktowUITests.xctest */ = {isa = PBXFileReference; explicitFileType = wrapper.cfbundle; includeInIndex = 0; path = tiktaktowUITests.xctest; sourceTree = BUILT_PRODUCTS_DIR; };
		0A1E8CF72382FBA400648164 /* tiktaktowUITests.swift */ = {isa = PBXFileReference; lastKnownFileType = sourcecode.swift; path = tiktaktowUITests.swift; sourceTree = "<group>"; };
		0A1E8CF92382FBA400648164 /* Info.plist */ = {isa = PBXFileReference; lastKnownFileType = text.plist.xml; path = Info.plist; sourceTree = "<group>"; };
/* End PBXFileReference section */

/* Begin PBXFrameworksBuildPhase section */
		0A1E8CCF2382FBA000648164 /* Frameworks */ = {
			isa = PBXFrameworksBuildPhase;
			buildActionMask = 2147483647;
			files = (
			);
			runOnlyForDeploymentPostprocessing = 0;
		};
		0A1E8CE52382FBA300648164 /* Frameworks */ = {
			isa = PBXFrameworksBuildPhase;
			buildActionMask = 2147483647;
			files = (
			);
			runOnlyForDeploymentPostprocessing = 0;
		};
		0A1E8CF02382FBA400648164 /* Frameworks */ = {
			isa = PBXFrameworksBuildPhase;
			buildActionMask = 2147483647;
			files = (
			);
			runOnlyForDeploymentPostprocessing = 0;
		};
/* End PBXFrameworksBuildPhase section */

/* Begin PBXGroup section */
		0A1E8CC92382FBA000648164 = {
			isa = PBXGroup;
			children = (
				0A1E8CD42382FBA000648164 /* tiktaktow */,
				0A1E8CEB2382FBA400648164 /* tiktaktowTests */,
				0A1E8CF62382FBA400648164 /* tiktaktowUITests */,
				0A1E8CD32382FBA000648164 /* Products */,
			);
			sourceTree = "<group>";
		};
		0A1E8CD32382FBA000648164 /* Products */ = {
			isa = PBXGroup;
			children = (
				0A1E8CD22382FBA000648164 /* tiktaktow.app */,
				0A1E8CE82382FBA300648164 /* tiktaktowTests.xctest */,
				0A1E8CF32382FBA400648164 /* tiktaktowUITests.xctest */,
			);
			name = Products;
			sourceTree = "<group>";
		};
		0A1E8CD42382FBA000648164 /* tiktaktow */ = {
			isa = PBXGroup;
			children = (
				0A1E8CD52382FBA000648164 /* AppDelegate.swift */,
				0A1E8CD72382FBA000648164 /* SceneDelegate.swift */,
				0A1E8CD92382FBA000648164 /* ViewController.swift */,
				0A1E8CDB2382FBA000648164 /* Main.storyboard */,
				0A1E8CDE2382FBA300648164 /* Assets.xcassets */,
				0A1E8CE02382FBA300648164 /* LaunchScreen.storyboard */,
				0A1E8CE32382FBA300648164 /* Info.plist */,
			);
			path = tiktaktow;
			sourceTree = "<group>";
		};
		0A1E8CEB2382FBA400648164 /* tiktaktowTests */ = {
			isa = PBXGroup;
			children = (
				0A1E8CEC2382FBA400648164 /* tiktaktowTests.swift */,
				0A1E8CEE2382FBA400648164 /* Info.plist */,
			);
			path = tiktaktowTests;
			sourceTree = "<group>";
		};
		0A1E8CF62382FBA400648164 /* tiktaktowUITests */ = {
			isa = PBXGroup;
			children = (
				0A1E8CF72382FBA400648164 /* tiktaktowUITests.swift */,
				0A1E8CF92382FBA400648164 /* Info.plist */,
			);
			path = tiktaktowUITests;
			sourceTree = "<group>";
		};
/* End PBXGroup section */

/* Begin PBXNativeTarget section */
		0A1E8CD12382FBA000648164 /* tiktaktow */ = {
			isa = PBXNativeTarget;
			buildConfigurationList = 0A1E8CFC2382FBA400648164 /* Build configuration list for PBXNativeTarget "tiktaktow" */;
			buildPhases = (
				0A1E8CCE2382FBA000648164 /* Sources */,
				0A1E8CCF2382FBA000648164 /* Frameworks */,
				0A1E8CD02382FBA000648164 /* Resources */,
			);
			buildRules = (
			);
			dependencies = (
			);
			name = tiktaktow;
			productName = tiktaktow;
			productReference = 0A1E8CD22382FBA000648164 /* tiktaktow.app */;
			productType = "com.apple.product-type.application";
		};
		0A1E8CE72382FBA300648164 /* tiktaktowTests */ = {
			isa = PBXNativeTarget;
			buildConfigurationList = 0A1E8CFF2382FBA400648164 /* Build configuration list for PBXNativeTarget "tiktaktowTests" */;
			buildPhases = (
				0A1E8CE42382FBA300648164 /* Sources */,
				0A1E8CE52382FBA300648164 /* Frameworks */,
				0A1E8CE62382FBA300648164 /* Resources */,
			);
			buildRules = (
			);
			dependencies = (
				0A1E8CEA2382FBA400648164 /* PBXTargetDependency */,
			);
			name = tiktaktowTests;
			productName = tiktaktowTests;
			productReference = 0A1E8CE82382FBA300648164 /* tiktaktowTests.xctest */;
			productType = "com.apple.product-type.bundle.unit-test";
		};
		0A1E8CF22382FBA400648164 /* tiktaktowUITests */ = {
			isa = PBXNativeTarget;
			buildConfigurationList = 0A1E8D022382FBA400648164 /* Build configuration list for PBXNativeTarget "tiktaktowUITests" */;
			buildPhases = (
				0A1E8CEF2382FBA400648164 /* Sources */,
				0A1E8CF02382FBA400648164 /* Frameworks */,
				0A1E8CF12382FBA400648164 /* Resources */,
			);
			buildRules = (
			);
			dependencies = (
				0A1E8CF52382FBA400648164 /* PBXTargetDependency */,
			);
			name = tiktaktowUITests;
			productName = tiktaktowUITests;
			productReference = 0A1E8CF32382FBA400648164 /* tiktaktowUITests.xctest */;
			productType = "com.apple.product-type.bundle.ui-testing";
		};
/* End PBXNativeTarget section */

/* Begin PBXProject section */
		0A1E8CCA2382FBA000648164 /* Project object */ = {
			isa = PBXProject;
			attributes = {
				LastSwiftUpdateCheck = 1120;
				LastUpgradeCheck = 1120;
				ORGANIZATIONNAME = "Oscar Bankowski";
				TargetAttributes = {
					0A1E8CD12382FBA000648164 = {
						CreatedOnToolsVersion = 11.2.1;
					};
					0A1E8CE72382FBA300648164 = {
						CreatedOnToolsVersion = 11.2.1;
						TestTargetID = 0A1E8CD12382FBA000648164;
					};
					0A1E8CF22382FBA400648164 = {
						CreatedOnToolsVersion = 11.2.1;
						TestTargetID = 0A1E8CD12382FBA000648164;
					};
				};
			};
			buildConfigurationList = 0A1E8CCD2382FBA000648164 /* Build configuration list for PBXProject "tiktaktow" */;
			compatibilityVersion = "Xcode 9.3";
			developmentRegion = en;
			hasScannedForEncodings = 0;
			knownRegions = (
				en,
				Base,
			);
			mainGroup = 0A1E8CC92382FBA000648164;
			productRefGroup = 0A1E8CD32382FBA000648164 /* Products */;
			projectDirPath = "";
			projectRoot = "";
			targets = (
				0A1E8CD12382FBA000648164 /* tiktaktow */,
				0A1E8CE72382FBA300648164 /* tiktaktowTests */,
				0A1E8CF22382FBA400648164 /* tiktaktowUITests */,
			);
		};
/* End PBXProject section */

/* Begin PBXResourcesBuildPhase section */
		0A1E8CD02382FBA000648164 /* Resources */ = {
			isa = PBXResourcesBuildPhase;
			buildActionMask = 2147483647;
			files = (
				0A1E8CE22382FBA300648164 /* LaunchScreen.storyboard in Resources */,
				0A1E8CDF2382FBA300648164 /* Assets.xcassets in Resources */,
				0A1E8CDD2382FBA000648164 /* Main.storyboard in Resources */,
			);
			runOnlyForDeploymentPostprocessing = 0;
		};
		0A1E8CE62382FBA300648164 /* Resources */ = {
			isa = PBXResourcesBuildPhase;
			buildActionMask = 2147483647;
			files = (
			);
			runOnlyForDeploymentPostprocessing = 0;
		};
		0A1E8CF12382FBA400648164 /* Resources */ = {
			isa = PBXResourcesBuildPhase;
			buildActionMask = 2147483647;
			files = (
			);
			runOnlyForDeploymentPostprocessing = 0;
		};
/* End PBXResourcesBuildPhase section */

/* Begin PBXSourcesBuildPhase section */
		0A1E8CCE2382FBA000648164 /* Sources */ = {
			isa = PBXSourcesBuildPhase;
			buildActionMask = 2147483647;
			files = (
				0A1E8CDA2382FBA000648164 /* ViewController.swift in Sources */,
				0A1E8CD62382FBA000648164 /* AppDelegate.swift in Sources */,
				0A1E8CD82382FBA000648164 /* SceneDelegate.swift in Sources */,
			);
			runOnlyForDeploymentPostprocessing = 0;
		};
		0A1E8CE42382FBA300648164 /* Sources */ = {
			isa = PBXSourcesBuildPhase;
			buildActionMask = 2147483647;
			files = (
				0A1E8CED2382FBA400648164 /* tiktaktowTests.swift in Sources */,
			);
			runOnlyForDeploymentPostprocessing = 0;
		};
		0A1E8CEF2382FBA400648164 /* Sources */ = {
			isa = PBXSourcesBuildPhase;
			buildActionMask = 2147483647;
			files = (
				0A1E8CF82382FBA400648164 /* tiktaktowUITests.swift in Sources */,
			);
			runOnlyForDeploymentPostprocessing = 0;
		};
/* End PBXSourcesBuildPhase section */

/* Begin PBXTargetDependency section */
		0A1E8CEA2382FBA400648164 /* PBXTargetDependency */ = {
			isa = PBXTargetDependency;
			target = 0A1E8CD12382FBA000648164 /* tiktaktow */;
			targetProxy = 0A1E8CE92382FBA400648164 /* PBXContainerItemProxy */;
		};
		0A1E8CF52382FBA400648164 /* PBXTargetDependency */ = {
			isa = PBXTargetDependency;
			target = 0A1E8CD12382FBA000648164 /* tiktaktow */;
			targetProxy = 0A1E8CF42382FBA400648164 /* PBXContainerItemProxy */;
		};
/* End PBXTargetDependency section */

/* Begin PBXVariantGroup section */
		0A1E8CDB2382FBA000648164 /* Main.storyboard */ = {
			isa = PBXVariantGroup;
			children = (
				0A1E8CDC2382FBA000648164 /* Base */,
			);
			name = Main.storyboard;
			sourceTree = "<group>";
		};
		0A1E8CE02382FBA300648164 /* LaunchScreen.storyboard */ = {
			isa = PBXVariantGroup;
			children = (
				0A1E8CE12382FBA300648164 /* Base */,
			);
			name = LaunchScreen.storyboard;
			sourceTree = "<group>";
		};
/* End PBXVariantGroup section */

/* Begin XCBuildConfiguration section */
		0A1E8CFA2382FBA400648164 /* Debug */ = {
			isa = XCBuildConfiguration;
			buildSettings = {
				ALWAYS_SEARCH_USER_PATHS = NO;
				CLANG_ANALYZER_NONNULL = YES;
				CLANG_ANALYZER_NUMBER_OBJECT_CONVERSION = YES_AGGRESSIVE;
				CLANG_CXX_LANGUAGE_STANDARD = "gnu++14";
				CLANG_CXX_LIBRARY = "libc++";
				CLANG_ENABLE_MODULES = YES;
				CLANG_ENABLE_OBJC_ARC = YES;
				CLANG_ENABLE_OBJC_WEAK = YES;
				CLANG_WARN_BLOCK_CAPTURE_AUTORELEASING = YES;
				CLANG_WARN_BOOL_CONVERSION = YES;
				CLANG_WARN_COMMA = YES;
				CLANG_WARN_CONSTANT_CONVERSION = YES;
				CLANG_WARN_DEPRECATED_OBJC_IMPLEMENTATIONS = YES;
				CLANG_WARN_DIRECT_OBJC_ISA_USAGE = YES_ERROR;
				CLANG_WARN_DOCUMENTATION_COMMENTS = YES;
				CLANG_WARN_EMPTY_BODY = YES;
				CLANG_WARN_ENUM_CONVERSION = YES;
				CLANG_WARN_INFINITE_RECURSION = YES;
				CLANG_WARN_INT_CONVERSION = YES;
				CLANG_WARN_NON_LITERAL_NULL_CONVERSION = YES;
				CLANG_WARN_OBJC_IMPLICIT_RETAIN_SELF = YES;
				CLANG_WARN_OBJC_LITERAL_CONVERSION = YES;
				CLANG_WARN_OBJC_ROOT_CLASS = YES_ERROR;
				CLANG_WARN_RANGE_LOOP_ANALYSIS = YES;
				CLANG_WARN_STRICT_PROTOTYPES = YES;
				CLANG_WARN_SUSPICIOUS_MOVE = YES;
				CLANG_WARN_UNGUARDED_AVAILABILITY = YES_AGGRESSIVE;
				CLANG_WARN_UNREACHABLE_CODE = YES;
				CLANG_WARN__DUPLICATE_METHOD_MATCH = YES;
				COPY_PHASE_STRIP = NO;
				DEBUG_INFORMATION_FORMAT = dwarf;
				ENABLE_STRICT_OBJC_MSGSEND = YES;
				ENABLE_TESTABILITY = YES;
				GCC_C_LANGUAGE_STANDARD = gnu11;
				GCC_DYNAMIC_NO_PIC = NO;
				GCC_NO_COMMON_BLOCKS = YES;
				GCC_OPTIMIZATION_LEVEL = 0;
				GCC_PREPROCESSOR_DEFINITIONS = (
					"DEBUG=1",
					"$(inherited)",
				);
				GCC_WARN_64_TO_32_BIT_CONVERSION = YES;
				GCC_WARN_ABOUT_RETURN_TYPE = YES_ERROR;
				GCC_WARN_UNDECLARED_SELECTOR = YES;
				GCC_WARN_UNINITIALIZED_AUTOS = YES_AGGRESSIVE;
				GCC_WARN_UNUSED_FUNCTION = YES;
				GCC_WARN_UNUSED_VARIABLE = YES;
				IPHONEOS_DEPLOYMENT_TARGET = 13.2;
				MTL_ENABLE_DEBUG_INFO = INCLUDE_SOURCE;
				MTL_FAST_MATH = YES;
				ONLY_ACTIVE_ARCH = YES;
				SDKROOT = iphoneos;
				SWIFT_ACTIVE_COMPILATION_CONDITIONS = DEBUG;
				SWIFT_OPTIMIZATION_LEVEL = "-Onone";
			};
			name = Debug;
		};
		0A1E8CFB2382FBA400648164 /* Release */ = {
			isa = XCBuildConfiguration;
			buildSettings = {
				ALWAYS_SEARCH_USER_PATHS = NO;
				CLANG_ANALYZER_NONNULL = YES;
				CLANG_ANALYZER_NUMBER_OBJECT_CONVERSION = YES_AGGRESSIVE;
				CLANG_CXX_LANGUAGE_STANDARD = "gnu++14";
				CLANG_CXX_LIBRARY = "libc++";
				CLANG_ENABLE_MODULES = YES;
				CLANG_ENABLE_OBJC_ARC = YES;
				CLANG_ENABLE_OBJC_WEAK = YES;
				CLANG_WARN_BLOCK_CAPTURE_AUTORELEASING = YES;
				CLANG_WARN_BOOL_CONVERSION = YES;
				CLANG_WARN_COMMA = YES;
				CLANG_WARN_CONSTANT_CONVERSION = YES;
				CLANG_WARN_DEPRECATED_OBJC_IMPLEMENTATIONS = YES;
				CLANG_WARN_DIRECT_OBJC_ISA_USAGE = YES_ERROR;
				CLANG_WARN_DOCUMENTATION_COMMENTS = YES;
				CLANG_WARN_EMPTY_BODY = YES;
				CLANG_WARN_ENUM_CONVERSION = YES;
				CLANG_WARN_INFINITE_RECURSION = YES;
				CLANG_WARN_INT_CONVERSION = YES;
				CLANG_WARN_NON_LITERAL_NULL_CONVERSION = YES;
				CLANG_WARN_OBJC_IMPLICIT_RETAIN_SELF = YES;
				CLANG_WARN_OBJC_LITERAL_CONVERSION = YES;
				CLANG_WARN_OBJC_ROOT_CLASS = YES_ERROR;
				CLANG_WARN_RANGE_LOOP_ANALYSIS = YES;
				CLANG_WARN_STRICT_PROTOTYPES = YES;
				CLANG_WARN_SUSPICIOUS_MOVE = YES;
				CLANG_WARN_UNGUARDED_AVAILABILITY = YES_AGGRESSIVE;
				CLANG_WARN_UNREACHABLE_CODE = YES;
				CLANG_WARN__DUPLICATE_METHOD_MATCH = YES;
				COPY_PHASE_STRIP = NO;
				DEBUG_INFORMATION_FORMAT = "dwarf-with-dsym";
				ENABLE_NS_ASSERTIONS = NO;
				ENABLE_STRICT_OBJC_MSGSEND = YES;
				GCC_C_LANGUAGE_STANDARD = gnu11;
				GCC_NO_COMMON_BLOCKS = YES;
				GCC_WARN_64_TO_32_BIT_CONVERSION = YES;
				GCC_WARN_ABOUT_RETURN_TYPE = YES_ERROR;
				GCC_WARN_UNDECLARED_SELECTOR = YES;
				GCC_WARN_UNINITIALIZED_AUTOS = YES_AGGRESSIVE;
				GCC_WARN_UNUSED_FUNCTION = YES;
				GCC_WARN_UNUSED_VARIABLE = YES;
				IPHONEOS_DEPLOYMENT_TARGET = 13.2;
				MTL_ENABLE_DEBUG_INFO = NO;
				MTL_FAST_MATH = YES;
				SDKROOT = iphoneos;
				SWIFT_COMPILATION_MODE = wholemodule;
				SWIFT_OPTIMIZATION_LEVEL = "-O";
				VALIDATE_PRODUCT = YES;
			};
			name = Release;
		};
		0A1E8CFD2382FBA400648164 /* Debug */ = {
			isa = XCBuildConfiguration;
			buildSettings = {
				ASSETCATALOG_COMPILER_APPICON_NAME = AppIcon;
				CODE_SIGN_STYLE = Automatic;
				DEVELOPMENT_TEAM = 575MQ8LV97;
				INFOPLIST_FILE = tiktaktow/Info.plist;
				LD_RUNPATH_SEARCH_PATHS = (
					"$(inherited)",
					"@executable_path/Frameworks",
				);
				PRODUCT_BUNDLE_IDENTIFIER = Bruhmoment.tiktaktow;
				PRODUCT_NAME = "$(TARGET_NAME)";
				SWIFT_VERSION = 5.0;
				TARGETED_DEVICE_FAMILY = "1,2";
			};
			name = Debug;
		};
		0A1E8CFE2382FBA400648164 /* Release */ = {
			isa = XCBuildConfiguration;
			buildSettings = {
				ASSETCATALOG_COMPILER_APPICON_NAME = AppIcon;
				CODE_SIGN_STYLE = Automatic;
				DEVELOPMENT_TEAM = 575MQ8LV97;
				INFOPLIST_FILE = tiktaktow/Info.plist;
				LD_RUNPATH_SEARCH_PATHS = (
					"$(inherited)",
					"@executable_path/Frameworks",
				);
				PRODUCT_BUNDLE_IDENTIFIER = Bruhmoment.tiktaktow;
				PRODUCT_NAME = "$(TARGET_NAME)";
				SWIFT_VERSION = 5.0;
				TARGETED_DEVICE_FAMILY = "1,2";
			};
			name = Release;
		};
		0A1E8D002382FBA400648164 /* Debug */ = {
			isa = XCBuildConfiguration;
			buildSettings = {
				ALWAYS_EMBED_SWIFT_STANDARD_LIBRARIES = YES;
				BUNDLE_LOADER = "$(TEST_HOST)";
				CODE_SIGN_STYLE = Automatic;
				DEVELOPMENT_TEAM = 575MQ8LV97;
				INFOPLIST_FILE = tiktaktowTests/Info.plist;
				IPHONEOS_DEPLOYMENT_TARGET = 13.2;
				LD_RUNPATH_SEARCH_PATHS = (
					"$(inherited)",
					"@executable_path/Frameworks",
					"@loader_path/Frameworks",
				);
				PRODUCT_BUNDLE_IDENTIFIER = Bruhmoment.tiktaktowTests;
				PRODUCT_NAME = "$(TARGET_NAME)";
				SWIFT_VERSION = 5.0;
				TARGETED_DEVICE_FAMILY = "1,2";
				TEST_HOST = "$(BUILT_PRODUCTS_DIR)/tiktaktow.app/tiktaktow";
			};
			name = Debug;
		};
		0A1E8D012382FBA400648164 /* Release */ = {
			isa = XCBuildConfiguration;
			buildSettings = {
				ALWAYS_EMBED_SWIFT_STANDARD_LIBRARIES = YES;
				BUNDLE_LOADER = "$(TEST_HOST)";
				CODE_SIGN_STYLE = Automatic;
				DEVELOPMENT_TEAM = 575MQ8LV97;
				INFOPLIST_FILE = tiktaktowTests/Info.plist;
				IPHONEOS_DEPLOYMENT_TARGET = 13.2;
				LD_RUNPATH_SEARCH_PATHS = (
					"$(inherited)",
					"@executable_path/Frameworks",
					"@loader_path/Frameworks",
				);
				PRODUCT_BUNDLE_IDENTIFIER = Bruhmoment.tiktaktowTests;
				PRODUCT_NAME = "$(TARGET_NAME)";
				SWIFT_VERSION = 5.0;
				TARGETED_DEVICE_FAMILY = "1,2";
				TEST_HOST = "$(BUILT_PRODUCTS_DIR)/tiktaktow.app/tiktaktow";
			};
			name = Release;
		};
		0A1E8D032382FBA400648164 /* Debug */ = {
			isa = XCBuildConfiguration;
			buildSettings = {
				ALWAYS_EMBED_SWIFT_STANDARD_LIBRARIES = YES;
				CODE_SIGN_STYLE = Automatic;
				DEVELOPMENT_TEAM = 575MQ8LV97;
				INFOPLIST_FILE = tiktaktowUITests/Info.plist;
				LD_RUNPATH_SEARCH_PATHS = (
					"$(inherited)",
					"@executable_path/Frameworks",
					"@loader_path/Frameworks",
				);
				PRODUCT_BUNDLE_IDENTIFIER = Bruhmoment.tiktaktowUITests;
				PRODUCT_NAME = "$(TARGET_NAME)";
				SWIFT_VERSION = 5.0;
				TARGETED_DEVICE_FAMILY = "1,2";
				TEST_TARGET_NAME = tiktaktow;
			};
			name = Debug;
		};
		0A1E8D042382FBA400648164 /* Release */ = {
			isa = XCBuildConfiguration;
			buildSettings = {
				ALWAYS_EMBED_SWIFT_STANDARD_LIBRARIES = YES;
				CODE_SIGN_STYLE = Automatic;
				DEVELOPMENT_TEAM = 575MQ8LV97;
				INFOPLIST_FILE = tiktaktowUITests/Info.plist;
				LD_RUNPATH_SEARCH_PATHS = (
					"$(inherited)",
					"@executable_path/Frameworks",
					"@loader_path/Frameworks",
				);
				PRODUCT_BUNDLE_IDENTIFIER = Bruhmoment.tiktaktowUITests;
				PRODUCT_NAME = "$(TARGET_NAME)";
				SWIFT_VERSION = 5.0;
				TARGETED_DEVICE_FAMILY = "1,2";
				TEST_TARGET_NAME = tiktaktow;
			};
			name = Release;
		};
/* End XCBuildConfiguration section */

/* Begin XCConfigurationList section */
		0A1E8CCD2382FBA000648164 /* Build configuration list for PBXProject "tiktaktow" */ = {
			isa = XCConfigurationList;
			buildConfigurations = (
				0A1E8CFA2382FBA400648164 /* Debug */,
				0A1E8CFB2382FBA400648164 /* Release */,
			);
			defaultConfigurationIsVisible = 0;
			defaultConfigurationName = Release;
		};
		0A1E8CFC2382FBA400648164 /* Build configuration list for PBXNativeTarget "tiktaktow" */ = {
			isa = XCConfigurationList;
			buildConfigurations = (
				0A1E8CFD2382FBA400648164 /* Debug */,
				0A1E8CFE2382FBA400648164 /* Release */,
			);
			defaultConfigurationIsVisible = 0;
			defaultConfigurationName = Release;
		};
		0A1E8CFF2382FBA400648164 /* Build configuration list for PBXNativeTarget "tiktaktowTests" */ = {
			isa = XCConfigurationList;
			buildConfigurations = (
				0A1E8D002382FBA400648164 /* Debug */,
				0A1E8D012382FBA400648164 /* Release */,
			);
			defaultConfigurationIsVisible = 0;
			defaultConfigurationName = Release;
		};
		0A1E8D022382FBA400648164 /* Build configuration list for PBXNativeTarget "tiktaktowUITests" */ = {
			isa = XCConfigurationList;
			buildConfigurations = (
				0A1E8D032382FBA400648164 /* Debug */,
				0A1E8D042382FBA400648164 /* Release */,
			);
			defaultConfigurationIsVisible = 0;
			defaultConfigurationName = Release;
		};
/* End XCConfigurationList section */
	};
	rootObject = 0A1E8CCA2382FBA000648164 /* Project object */;
}
